
Microsoft Visual Studio Solution File, Format Version 12.00
Project("{FAE04EC0-301F-11D3-BF4B-00C04F79EFBC}") = "DataProduct", "DataProduct\DataProduct.csproj", "{0BB0B30C-A63E-4173-9890-E53846208AEE}"
EndProject
Project("{FAE04EC0-301F-11D3-BF4B-00C04F79EFBC}") = "DataProduct.Tests", "DataProduct.Tests\DataProduct.Tests.csproj", "{784DBCE6-D1B2-44C8-A103-47BAC9B78414}"
EndProject
Global
	GlobalSection(SolutionConfigurationPlatforms) = preSolution
		Debug|Any CPU = Debug|Any CPU
		Release|Any CPU = Release|Any CPU
	EndGlobalSection
	GlobalSection(ProjectConfigurationPlatforms) = postSolution
		{0BB0B30C-A63E-4173-9890-E53846208AEE}.Debug|Any CPU.ActiveCfg = Debug|Any CPU
		{0BB0B30C-A63E-4173-9890-E53846208AEE}.Debug|Any CPU.Build.0 = Debug|Any CPU
		{0BB0B30C-A63E-4173-9890-E53846208AEE}.Release|Any CPU.ActiveCfg = Release|Any CPU
		{0BB0B30C-A63E-4173-9890-E53846208AEE}.Release|Any CPU.Build.0 = Release|Any CPU
		{784DBCE6-D1B2-44C8-A103-47BAC9B78414}.Debug|Any CPU.ActiveCfg = Debug|Any CPU
		{784DBCE6-D1B2-44C8-A103-47BAC9B78414}.Debug|Any CPU.Build.0 = Debug|Any CPU
		{784DBCE6-D1B2-44C8-A103-47BAC9B78414}.Release|Any CPU.ActiveCfg = Release|Any CPU
		{784DBCE6-D1B2-44C8-A103-47BAC9B78414}.Release|Any CPU.Build.0 = Release|Any CPU
	EndGlobalSection
EndGlobal
